{
  "name": "@gm5/jwt",
  "version": "1.0.0",
  "lockfileVersion": 1,
  "requires": true,
  "dependencies": {
    "crypto.js": {
      "version": "2.0.1",
      "resolved": "https://registry.npmjs.org/crypto.js/-/crypto.js-2.0.1.tgz",
      "integrity": "sha512-QUN3MEai0qwgFRj9jYY0V8O5ssJwLmSrxlYUVrsryx3UlgIiDQaCsM4613WGv0dKHoHtIozoJTTSYDJHR8xAtw=="
    }
  }
}
